{
  "name": "get-option-tests",
  "version": "0.0.0",
  "lockfileVersion": 1,
  "requires": true,
  "dependencies": {
    "@babel/runtime": {
      "version": "7.3.4",
      "resolved": "https://registry.npmjs.org/@babel/runtime/-/runtime-7.3.4.tgz",
      "integrity": "sha512-IvfvnMdSaLBateu0jfsYIpZTxAc2cKEXEMiezGGN75QcBcecDUKd3PgLAncT0oOgxKy8dd8hrJKj9MfzgfZd6g==",
      "requires": {
        "regenerator-runtime": "^0.12.0"
      }
    },
    "assertthat": {
      "version": "3.0.0",
      "resolved": "https://registry.npmjs.org/assertthat/-/assertthat-3.0.0.tgz",
      "integrity": "sha512-7JVq59iX84NJTErJf9Ir0npLIRMD1QIFRaVlu+4js85aeZdG0UmNF4TBO8OC2EWE6UfPMR18pIMOFHI1rgQSgg==",
      "requires": {
        "comparejs": "2.0.0",
        "stringify-object": "3.3.0"
      }
    },
    "comparejs": {
      "version": "2.0.0",
      "resolved": "https://registry.npmjs.org/comparejs/-/comparejs-2.0.0.tgz",
      "integrity": "sha512-8+rhPIBN3YgA9D1qlyaJd1pxmEzUYuRREE0JAVuDSvpd1eHd4sesrMl6EZqSBn8Ux7b8zBU4vaGuC3pC9CGoKQ==",
      "requires": {
        "is-subset-of": "1.0.0",
        "typedescriptor": "1.0.0"
      }
    },
    "flat-object-keys": {
      "version": "1.0.0",
      "resolved": "https://registry.npmjs.org/flat-object-keys/-/flat-object-keys-1.0.0.tgz",
      "integrity": "sha512-QxGxU90QO8MWe2S6+s+fF1FQblxWQSLNvPUIdBZYSzUE5QD4lWWxx4GYXjOcZAMHx1bhFwuMwjObZHyixrclYQ=="
    },
    "get-own-enumerable-property-symbols": {
      "version": "3.0.0",
      "resolved": "https://registry.npmjs.org/get-own-enumerable-property-symbols/-/get-own-enumerable-property-symbols-3.0.0.tgz",
      "integrity": "sha512-CIJYJC4GGF06TakLg8z4GQKvDsx9EMspVxOYih7LerEL/WosUnFIww45CGfxfeKHqlg3twgUrYRT1O3WQqjGCg=="
    },
    "is-obj": {
      "version": "1.0.1",
      "resolved": "https://registry.npmjs.org/is-obj/-/is-obj-1.0.1.tgz",
      "integrity": "sha1-PkcprB9f3gJc19g6iW2rn09n2w8="
    },
    "is-regexp": {
      "version": "1.0.0",
      "resolved": "https://registry.npmjs.org/is-regexp/-/is-regexp-1.0.0.tgz",
      "integrity": "sha1-/S2INUXEa6xaYz57mgnof6LLUGk="
    },
    "is-subset-of": {
      "version": "1.0.0",
      "resolved": "https://registry.npmjs.org/is-subset-of/-/is-subset-of-1.0.0.tgz",
      "integrity": "sha512-9XrtCZp8/55e+2K+5p1AllDieTf7glUb7rmujLjeIxjWqOA+nigDFB0K/sd2lIbVEijXfFiu40/jctARBCyIWw==",
      "requires": {
        "@babel/runtime": "7.3.4",
        "typedescriptor": "1.0.0"
      }
    },
    "lodash": {
      "version": "4.17.11",
      "resolved": "https://registry.npmjs.org/lodash/-/lodash-4.17.11.tgz",
      "integrity": "sha512-cQKh8igo5QUhZ7lg38DYWAxMvjSAKG0A8wGSVimP07SIUEK2UO+arSRKbRZWtelMtN5V0Hkwh5ryOto/SshYIg=="
    },
    "regenerator-runtime": {
      "version": "0.12.1",
      "resolved": "https://registry.npmjs.org/regenerator-runtime/-/regenerator-runtime-0.12.1.tgz",
      "integrity": "sha512-odxIc1/vDlo4iZcfXqRYFj0vpXFNoGdKMAUieAlFYO6m/nl5e9KR/beGf41z4a1FI+aQgtjhuaSlDxQ0hmkrHg=="
    },
    "stringify-object": {
      "version": "3.3.0",
      "resolved": "https://registry.npmjs.org/stringify-object/-/stringify-object-3.3.0.tgz",
      "integrity": "sha512-rHqiFh1elqCQ9WPLIC8I0Q/g/wj5J1eMkyoiD6eoQApWHP0FtlK7rqnhmabL5VUY9JQCcqwwvlOaSuutekgyrw==",
      "requires": {
        "get-own-enumerable-property-symbols": "^3.0.0",
        "is-obj": "^1.0.1",
        "is-regexp": "^1.0.0"
      }
    },
    "typedescriptor": {
      "version": "1.0.0",
      "resolved": "https://registry.npmjs.org/typedescriptor/-/typedescriptor-1.0.0.tgz",
      "integrity": "sha512-rBucNq35UpZ8btk+CtTV5dOh8oRDzM4kNLrDTvkz2d33dfY8DEB2D+qc4/Mk2Q9K39NNKpTTMdcB1Bp3bHdmLg==",
      "requires": {
        "@babel/runtime": "7.3.1"
      },
      "dependencies": {
        "@babel/runtime": {
          "version": "7.3.1",
          "resolved": "https://registry.npmjs.org/@babel/runtime/-/runtime-7.3.1.tgz",
          "integrity": "sha512-7jGW8ppV0ant637pIqAcFfQDDH1orEPGJb8aXfUozuCU3QqX7rX4DA8iwrbPrR1hcH0FTTHz47yQnk+bl5xHQA==",
          "requires": {
            "regenerator-runtime": "^0.12.0"
          }
        }
      }
    }
  }
}
